lockfileVersion: '9.0'

settings:
  autoInstallPeers: true
  excludeLinksFromLockfile: false

importers:

  .:
    dependencies:
      expo:
        specifier: ~54.0.0
        version: 54.0.36(@babel/core@7.29.7)(react-native@0.81.4(@babel/core@7.29.7)(@types/react@19.1.17)(react@19.1.0))(react@19.1.0)(typescript@5.9.3)
      expo-constants:
        specifier: ~18.0.13
        version: 18.0.13(expo@54.0.36(@babel/core@7.29.7)(react-native@0.81.4(@babel/core@7.29.7)(@types/react@19.1.17)(react@19.1.0))(react@19.1.0)(typescript@5.9.3))(react-native@0.81.4(@babel/core@7.29.7)(@types/react@19.1.17)(react@19.1.0))
      expo-device:
        specifier: ~8.0.10
        version: 8.0.10(expo@54.0.36(@babel/core@7.29.7)(react-native@0.81.4(@babel/core@7.29.7)(@types/react@19.1.17)(react@19.1.0))(react@19.1.0)(typescript@5.9.3))
      expo-notifications:
        specifier: ~0.32.17
        version: 0.32.17(expo@54.0.36(@babel/core@7.29.7)(react-native@0.81.4(@babel/core@7.29.7)(@types/react@19.1.17)(react@19.1.0))(react@19.1.0)(typescript@5.9.3))(react-native@0.81.4(@babel/core@7.29.7)(@types/react@19.1.17)(react@19.1.0))(react@19.1.0)(typescript@5.9.3)
      expo-secure-store:
        specifier: ~15.0.7
        version: 15.0.8(expo@54.0.36(@babel/core@7.29.7)(react-native@0.81.4(@babel/core@7.29.7)(@types/react@19.1.17)(react@19.1.0))(react@19.1.0)(typescript@5.9.3))
      expo-status-bar:
        specifier: ~3.0.8
        version: 3.0.9(react-native@0.81.4(@babel/core@7.29.7)(@types/react@19.1.17)(react@19.1.0))(react@19.1.0)
      react:
        specifier: 19.1.0
        version: 19.1.0
      react-native:
        specifier: 0.81.4
        version: 0.81.4(@babel/core@7.29.7)(@types/react@19.1.17)(react@19.1.0)
    devDependencies:
      '@types/react':
        specifier: ~19.1.10
        version: 19.1.17
      typescript:
        specifier: ~5.9.2
        version: 5.9.3

packages:

  '@0no-co/graphql.web@1.3.2':
    resolution: {integrity: sha512-Q1+pRlLhE31GOY/2c9BAEnFTNxO7Awtc6fhhEDlxyCBQ2N0IhD32cPVvPChrK9mwBNSgRdW/sF1kd2e0ojHj1Q==}
    peerDependencies:
      graphql: ^14.0.0 || ^15.0.0 || ^16.0.0
    peerDependenciesMeta:
      graphql:
        optional: true

  '@babel/code-frame@7.10.4':
    resolution: {integrity: sha512-vG6SvB6oYEhvgisZNFRmRCUkLz11c7rp+tbNTynGqc6mS1d5ATd/sGyV6W0KZZnXRKMTzZDRgQT3Ou9jhpAfUg==}

  '@babel/code-frame@7.29.7':
    resolution: {integrity: sha512-Aup7aUOfpbAUg2ROOJN6Iw5f9DMBlzu0mIkm/malLQFN/YQgO48wCj0Kxa3sEHJvPVFg7siR+qRInwXd2qhQKw==}
    engines: {node: '>=6.9.0'}

  '@babel/compat-data@7.29.7':
    resolution: {integrity: sha512-locTkQyKvwIEgBzVrn8693ebc97F2U8ZHjbXwDXJ5Fn2TCpNwTlKcaKLkdHop5c/icOFE7qt7Q9JC5hnKNa6Gg==}
    engines: {node: '>=6.9.0'}

  '@babel/core@7.29.7':
    resolution: {integrity: sha512-RgHBCvtjbOK2gXSNBNIkNoEc9qoVEtau3hj8gEqKQuL3HZAibKarWFEI3Lfm6EYKkLalOh8eSrj9b+ch9H/VBA==}
    engines: {node: '>=6.9.0'}

  '@babel/generator@7.29.7':
    resolution: {integrity: sha512-DkXD5OJQaAQIdZ1bt3UZdEnHAn9Imd3IVBdX03UFe+ony9Ojw5pzr9YVKGDY1jt+Gcn/FnGkNf8r+Vj5NOJWtQ==}
    engines: {node: '>=6.9.0'}

  '@babel/helper-annotate-as-pure@7.29.7':
    resolution: {integrity: sha512-OoK6239jHPuSQOoS0kfTVKn0b/rVTk0seKq4Gd2UMLtmOVLjDC0ki3e+c90Trqv2gMfvJFqkiljrr568+qddiw==}
    engines: {node: '>=6.9.0'}

  '@babel/helper-compilation-targets@7.29.7':
    resolution: {integrity: sha512-wem6WaBj4NaVYVdNhLPPVacES6ZJ+KBBfSkTMD3YZxbP3rm3Di85tJU5ljaUNhaOynt+Aj0xruhYuzQBt8n71g==}
    engines: {node: '>=6.9.0'}

  '@babel/helper-create-class-features-plugin@7.29.7':
    resolution: {integrity: sha512-IY3ZD9Tmooqr3TUhc3DUWxiuo8xx1DWLhd5M7hQ+ZWJamqM2BbalrBJb2MisSLoYorOj75U03qULCxQTY9r3hg==}
    engines: {node: '>=6.9.0'}
    peerDependencies:
      '@babel/core': ^7.0.0

  '@babel/helper-create-regexp-features-plugin@7.29.7':
    resolution: {integrity: sha512-907Uymvqgg1dwUA+7IGwFAOSYzQOuzPXKNJ1yxzwPffzkYFg2q2eHi1fIOs6sXkG9NbIUMunnUlkYsfRFNvomg==}
    engines: {node: '>=6.9.0'}
    peerDependencies:
      '@babel/core': ^7.0.0

  '@babel/helper-define-polyfill-provider@0.6.8':
    resolution: {integrity: sha512-47UwBLPpQi1NoWzLuHNjRoHlYXMwIJoBf7MFou6viC/sIHWYygpvr0B6IAyh5sBdA2nr2LPIRww8lfaUVQINBA==}
    peerDependencies:
      '@babel/core': ^7.4.0 || ^8.0.0-0 <8.0.0

  '@babel/helper-globals@7.29.7':
    resolution: {integrity: sha512-3nQVUAtvkKH9zahfWgw96Jc/uFOmjACE1kQz82E2lqWmHBgjzbNlsC22nuQTfahmWeQtTq5nQ/4Nnd2A1wj4zA==}
    engines: {node: '>=6.9.0'}

  '@babel/helper-member-expression-to-functions@7.29.7':
    resolution: {integrity: sha512-j+7JYmk1JYDtACIGj0QJqqWZjoUpMoEikQGADMaHgCMCSDqd2+P32rfcibUNrGOMWrlzK1WJBdxrB3JJQZwWtg==}
    engines: {node: '>=6.9.0'}

  '@babel/helper-module-imports@7.29.7':
    resolution: {integrity: sha512-ejHwrQQYcm9xnTivShn2IDOlIzInN34AXskvq9QicvCtEzq1Vzclu/tKF8Jq1Cg8JG2GL6/EmjgsCT7lXepE3g==}
    engines: {node: '>=6.9.0'}

  '@babel/helper-module-transforms@7.29.7':
    resolution: {integrity: sha512-UPUVSyXbOh627KiCIGQSgwWzGeBKLkaJ9PJEdrngIwMSzxLR4jS4+f1f1jb7VzBbg8nFLaYotvVPFCTqdrmTAg==}
    engines: {node: '>=6.9.0'}
    peerDependencies:
      '@babel/core': ^7.0.0

  '@babel/helper-optimise-call-expression@7.29.7':
    resolution: {integrity: sha512-+kmGVjcT9RGYzoDwdwEqEvGgKe3BYq+O1iGzjFubaNgZHwYHP6lsF2Yghf4kEuv9BV7tYDZ913aBW9am6YKong==}
    engines: {node: '>=6.9.0'}

  '@babel/helper-plugin-utils@7.29.7':
    resolution: {integrity: sha512-G7sHYigPY17oO5SYWnfD/0MTBwVR781S/JI643e/JhUYgVgWE/61SoW3NH9KWUKyKq5LVh3npif99Wkt6j86Jw==}
    engines: {node: '>=6.9.0'}

  '@babel/helper-remap-async-to-generator@7.29.7':
    resolution: {integrity: sha512-16AMiW26DbXWBbr3B8wNozKM0ydMLB892vaOaJW/fPJdnT8vJk5sdkQcU/isqUxyCE0cEoa8wZOcbgDuC4b6Og==}
    engines: {node: '>=6.9.0'}
    peerDependencies:
      '@babel/core': ^7.0.0

  '@babel/helper-replace-supers@7.29.7':
    resolution: {integrity: sha512-atfGXWSeCiF4DnKZIfmJfQRkSw9b9gNNXR1kqKjbhG4pGYCOnkp8OcTB8E3NXjBu8NpheSnOeNKz8KT7UNFTmQ==}
    engines: {node: '>=6.9.0'}
    peerDependencies:
      '@babel/core': ^7.0.0

  '@babel/helper-skip-transparent-expression-wrappers@7.29.7':
    resolution: {integrity: sha512-brcMGQaVzIeUb+6/bs1Av0f8YuNNjKY2JyvfRCsFuFsdKccEQ5Ges2y74D74NZ1Rz8lKJ9ksJkfqwQFJ/iNEyQ==}
    engines: {node: '>=6.9.0'}

  '@babel/helper-string-parser@7.29.7':
    resolution: {integrity: sha512-Pb5ijPrZ89GDH8223L4UP8i6QApWxs04RbPQJTeWDV0/keR2E36MeKnyr6LYmUUvqRRI+Iv87SuF1W6ErINzYw==}
    engines: {node: '>=6.9.0'}

  '@babel/helper-validator-identifier@7.29.7':
    resolution: {integrity: sha512-qehxGkRj55h/ff8EMaJ+cYhyaKlHIxqYDn682wQD7RNp9UujOQsHog2uS0r2vzr4pW+sXf90NeeayjcNaX3fFg==}
    engines: {node: '>=6.9.0'}

  '@babel/helper-validator-option@7.29.7':
    resolution: {integrity: sha512-N9ZErrD+yW5geCDtBqnOoxmR8+tNKiGuxKlDpuJxfsqpa2dFcexaziGAE/qoHLiDDreVNMupxGmSoNlyvsA3gw==}
    engines: {node: '>=6.9.0'}

  '@babel/helper-wrap-function@7.29.7':
    resolution: {integrity: sha512-iES0Skag9ERIF68aXadpO6dbXa03mNWK3sEqJaMnLNs/eC3l0lkImdfoy6Y09/SfkpawdAB4RjQ7PVA7TcVGdw==}
    engines: {node: '>=6.9.0'}

  '@babel/helpers@7.29.7':
    resolution: {integrity: sha512-1k2lAGRMfHTcwuNYcCNUmaUffmQv8KWMfh2iJUUeRlwlwH4FdNG7mfPI10NPfLHJFThE4Tyr4mv7kTNZOiPuBg==}
    engines: {node: '>=6.9.0'}

  '@babel/highlight@7.25.9':
    resolution: {integrity: sha512-llL88JShoCsth8fF8R4SJnIn+WLvR6ccFxu1H3FlMhDontdcmZWf2HgIZ7AIqV3Xcck1idlohrN4EUBQz6klbw==}
    engines: {node: '>=6.9.0'}

  '@babel/parser@7.29.7':
    resolution: {integrity: sha512-hnORnjP/1P/zFEndoeX+n+t1RwWRJiJpM/jO7FW32Kn9r5+sJB2JWOdYo4L6k78j15eCwY3Gm/7364B1EMwtNg==}
    engines: {node: '>=6.0.0'}
    hasBin: true

  '@babel/plugin-proposal-decorators@7.29.7':
    resolution: {integrity: sha512-EtU0Hi3GvrTqD56xKmZvV/uCXK2ZbwVNPNLAquVItcAZpUhkXwWlo3Fmj0c2LxgSf2I8IDULeAepwNP1OefLXg==}
    engines: {node: '>=6.9.0'}
    peerDependencies:
      '@babel/core': ^7.0.0-0

  '@babel/plugin-proposal-export-default-from@7.29.7':
    resolution: {integrity: sha512-p+G5BNXDcy3bOXplhY4HybQ1GxH3i2Tppmdm/3epyRu2VgJJZuUlZ61MqRTg582Q7ZLBdP7fePYvsumSEkMxcQ==}
    engines: {node: '>=6.9.0'}
    peerDependencies:
      '@babel/core': ^7.0.0-0

  '@babel/plugin-syntax-async-generators@7.8.4':
    resolution: {integrity: sha512-tycmZxkGfZaxhMRbXlPXuVFpdWlXpir2W4AMhSJgRKzk/eDlIXOhb2LHWoLpDF7TEHylV5zNhykX6KAgHJmTNw==}
    peerDependencies:
      '@babel/core': ^7.0.0-0

  '@babel/plugin-syntax-bigint@7.8.3':
    resolution: {integrity: sha512-wnTnFlG+YxQm3vDxpGE57Pj0srRU4sHE/mDkt1qv2YJJSeUAec2ma4WLUnUPeKjyrfntVwe/N6dCXpU+zL3Npg==}
    peerDependencies:
      '@babel/core': ^7.0.0-0

  '@babel/plugin-syntax-class-properties@7.12.13':
    resolution: {integrity: sha512-fm4idjKla0YahUNgFNLCB0qySdsoPiZP3iQE3rky0mBUtMZ23yDJ9SJdg6dXTSDnulOVqiF3Hgr9nbXvXTQZYA==}
    peerDependencies:
      '@babel/core': ^7.0.0-0

  '@babel/plugin-syntax-class-static-block@7.14.5':
    resolution: {integrity: sha512-b+YyPmr6ldyNnM6sqYeMWE+bgJcJpO6yS4QD7ymxgH34GBPNDM/THBh8iunyvKIZztiwLH4CJZ0RxTk9emgpjw==}
    engines: {node: '>=6.9.0'}
    peerDependencies:
      '@babel/core': ^7.0.0-0

  '@babel/plugin-syntax-decorators@7.29.7':
    resolution: {integrity: sha512-9MTTLbF39X6sqM92JPEsoI7++26hjZvzkxKZy64aMhWLH2mPkJ/Q3AV4QLmls3R14FpSpkOwQQfUh962JGQxxg==}
    engines: {node: '>=6.9.0'}
    peerDependencies:
      '@babel/core': ^7.0.0-0

  '@babel/plugin-syntax-dynamic-import@7.8.3':
    resolution: {integrity: sha512-5gdGbFon+PszYzqs83S3E5mpi7/y/8M9eC90MRTZfduQOYW76ig6SOSPNe41IG5LoP3FGBn2N0RjVDSQiS94kQ==}
    peerDependencies:
      '@babel/core': ^7.0.0-0

  '@babel/plugin-syntax-export-default-from@7.29.7':
    resolution: {integrity: sha512-foag0BB37ROhdeIX9O8G0jX7hw0UekJc04cHMrYLOnrErsnBKqJGHJ8eDRpoCFZBvEPPygmmtw4qyU97qa4oOw==}
    engines: {node: '>=6.9.0'}
    peerDependencies:
      '@babel/core': ^7.0.0-0

  '@babel/plugin-syntax-flow@7.29.7':
    resolution: {integrity: sha512-ajMX6QPcyomotqwpzhkYGxcK2i/us0rs1Qo9QvUpa+Fca0FTmqrzKrctoIYLMxcOhGZldGT/BAVkRGTWBiR8gQ==}
    engines: {node: '>=6.9.0'}
    peerDependencies:
      '@babel/core': ^7.0.0-0

  '@babel/plugin-syntax-import-attributes@7.29.7':
    resolution: {integrity: sha512-zGYcYfq/WmZ4V+kBIXQon9dSSc8ircGZqw9ZaNhhGj9nZkeBu1jHLBDQqYYi5WA9uawvA2sIMbry2nCFhf5Djg==}
    engines: {node: '>=6.9.0'}
    peerDependencies:
      '@babel/core': ^7.0.0-0

  '@babel/plugin-syntax-import-meta@7.10.4':
    resolution: {integrity: sha512-Yqfm+XDx0+Prh3VSeEQCPU81yC+JWZ2pDPFSS4ZdpfZhp4MkFMaDC1UqseovEKwSUpnIL7+vK+Clp7bfh0iD7g==}
    peerDependencies:
      '@babel/core': ^7.0.0-0

  '@babel/plugin-syntax-json-strings@7.8.3':
    resolution: {integrity: sha512-lY6kdGpWHvjoe2vk4WrAapEuBR69EMxZl+RoGRhrFGNYVK8mOPAW8VfbT/ZgrFbXlDNiiaxQnAtgVCZ6jv30EA==}
    peerDependencies:
      '@babel/core': ^7.0.0-0

  '@babel/plugin-syntax-jsx@7.29.7':
    resolution: {integrity: sha512-TSu8+mHCoEaaCDEZ0I3+6mvTBYR4PCxQwf2z9/r5Tbztv6NaLR3B9thGTTxX2WGuGHJqRiAbKPeGTJ5XWXVg6A==}
    engines: {node: '>=6.9.0'}
    peerDependencies:
      '@babel/core': ^7.0.0-0

  '@babel/plugin-syntax-logical-assignment-operators@7.10.4':
    resolution: {integrity: sha512-d8waShlpFDinQ5MtvGU9xDAOzKH47+FFoney2baFIoMr952hKOLp1HR7VszoZvOsV/4+RRszNY7D17ba0te0ig==}
    peerDependencies:
      '@babel/core': ^7.0.0-0

  '@babel/plugin-syntax-nullish-coalescing-operator@7.8.3':
    resolution: {integrity: sha512-aSff4zPII1u2QD7y+F8oDsz19ew4IGEJg9SVW+bqwpwtfFleiQDMdzA/R+UlWDzfnHFCxxleFT0PMIrR36XLNQ==}
    peerDependencies:
      '@babel/core': ^7.0.0-0

  '@babel/plugin-syntax-numeric-separator@7.10.4':
    resolution: {integrity: sha512-9H6YdfkcK/uOnY/K7/aA2xpzaAgkQn37yzWUMRK7OaPOqOpGS1+n0H5hxT9AUw9EsSjPW8SVyMJwYRtWs3X3ug==}
    peerDependencies:
      '@babel/core': ^7.0.0-0

  '@babel/plugin-syntax-object-rest-spread@7.8.3':
    resolution: {integrity: sha512-XoqMijGZb9y3y2XskN+P1wUGiVwWZ5JmoDRwx5+3GmEplNyVM2s2Dg8ILFQm8rWM48orGy5YpI5Bl8U1y7ydlA==}
    peerDependencies:
      '@babel/core': ^7.0.0-0

  '@babel/plugin-syntax-optional-catch-binding@7.8.3':
    resolution: {integrity: sha512-6VPD0Pc1lpTqw0aKoeRTMiB+kWhAoT24PA+ksWSBrFtl5SIRVpZlwN3NNPQjehA2E/91FV3RjLWoVTglWcSV3Q==}
    peerDependencies:
      '@babel/core': ^7.0.0-0

  '@babel/plugin-syntax-optional-chaining@7.8.3':
    resolution: {integrity: sha512-KoK9ErH1MBlCPxV0VANkXW2/dw4vlbGDrFgz8bmUsBGYkFRcbRwMh6cIJubdPrkxRwuGdtCk0v/wPTKbQgBjkg==}
    peerDependencies:
      '@babel/core': ^7.0.0-0

  '@babel/plugin-syntax-private-property-in-object@7.14.5':
    resolution: {integrity: sha512-0wVnp9dxJ72ZUJDV27ZfbSj6iHLoytYZmh3rFcxNnvsJF3ktkzLDZPy/mA17HGsaQT3/DQsWYX1f1QGWkCoVUg==}
    engines: {node: '>=6.9.0'}
    peerDependencies:
      '@babel/core': ^7.0.0-0

  '@babel/plugin-syntax-top-level-await@7.14.5':
    resolution: {integrity: sha512-hx++upLv5U1rgYfwe1xBQUhRmU41NEvpUvrp8jkrSCdvGSnM5/qdRMtylJ6PG5OFkBaHkbTAKTnd3/YyESRHFw==}
    engines: {node: '>=6.9.0'}
    peerDependencies:
      '@babel/core': ^7.0.0-0

  '@babel/plugin-syntax-typescript@7.29.7':
    resolution: {integrity: sha512-ngr+82Sh0xMz25TPCZi+nC2iTzjfCdWS2ONXTp/PtSCHCgaCNBpdMqgvJ2ccdLlClVZ7sisIgB914j/JFe+RZA==}
    engines: {node: '>=6.9.0'}
    peerDependencies:
      '@babel/core': ^7.0.0-0

  '@babel/plugin-transform-arrow-functions@7.29.7':
    resolution: {integrity: sha512-N7zArUXWzAMzm+/N0uPBeVB3Fam5lMxtUwMmDK5f/IBBS7a7p1qeUoxd/6CckXoxUdgsntq1Dh8xNW06maZbDQ==}
    engines: {node: '>=6.9.0'}
    peerDependencies:
      '@babel/core': ^7.0.0-0

  '@babel/plugin-transform-async-generator-functions@7.29.7':
    resolution: {integrity: sha512-d98gXZkgswvkyohMBABkhm3GeXhYj8psWfwQ2C7gtfrKGTykQa/iOIi+JJhwMjPlZ6Vm2XN+DCf3Es1EoG4ZLA==}
    engines: {node: '>=6.9.0'}
    peerDependencies:
      '@babel/core': ^7.0.0-0

  '@babel/plugin-transform-async-to-generator@7.29.7':
    resolution: {integrity: sha512-pcUb2SS+RMo9TWVBwKGI5ShtoG7R+zBsFmCKDa6fe8c+hPr3XJlZgoE5j6i8W7gDjhyvy+85vmYexanvXh3d1w==}
    engines: {node: '>=6.9.0'}
    peerDependencies:
      '@babel/core': ^7.0.0-0

  '@babel/plugin-transform-block-scoping@7.29.7':
    resolution: {integrity: sha512-ONyr4+AZhKh8yKWInVxU9AXA9EbsyeLcL6V0dJy6M2/62vuvpGm29zzuymbTpdc451GEpDIdAyPLP3r+P61yKQ==}
    engines: {node: '>=6.9.0'}
    peerDependencies:
      '@babel/core': ^7.0.0-0

  '@babel/plugin-transform-class-properties@7.29.7':
    resolution: {integrity: sha512-GtcpjFvanPfzNQi3eTitsCqtRRmmqzpy/A+yhTR1HaZo1Ly3EA8ZXxlPyHdR8/IuRMYc3E4wdGBewB2QKQjAaA==}
    engines: {node: '>=6.9.0'}
    peerDependencies:
      '@babel/core': ^7.0.0-0

  '@babel/plugin-transform-class-static-block@7.29.7':
    resolution: {integrity: sha512-kibJgmEdX2iMwsHY2tSZNDgj8PwIlCQz7FK9KuGKO8zsuoUwSEhoNnNVp/emKWrbY4HeO6kkXfdMqRKKKXBm2A==}
    engines: {node: '>=6.9.0'}
    peerDependencies:
      '@babel/core': ^7.12.0

  '@babel/plugin-transform-classes@7.29.7':
    resolution: {integrity: sha512-qV0OGGBVacduzQHE649JyCneOFI/maT+YKsO+K4Yi3xv2wTPNjM/W2o2gdzMwEAZz7fXNTHAe0NcSg30bIN69g==}
    engines: {node: '>=6.9.0'}
    peerDependencies:
      '@babëNõêÚ$z{-®éÜj×ãã ¢6Öæfó¢"ãã ¢6öææV7C¢2ãrã ¢FV'Vs¢BãBã0¢W'&÷"×7F6²×'6W#¢"ãã@¢fÆ÷rÖVçV×2×'VçFÖS¢ãã`¢w&6VgVÂÖg3¢Bã"ã¢W&ÖW2×'6W#¢ã3"ã ¢ÖvR×6¦S¢ã"ã¢çf&çC¢"ã"ã@¢¦W7B×v÷&¶W#¢#ãrã ¢§62×6fR×W&Ã¢ã"ã@¢ÆöF6çF&÷GFÆS¢Bãã¢ÖWG&òÖ&&VÂ×G&ç6f÷&ÖW#¢ã2ã0¢ÖWG&òÖ66S¢ã2ã0¢ÖWG&òÖ66RÖ¶W¢ã2ã0¢ÖWG&òÖ6öæfs¢ã2ã0¢ÖWG&òÖ6÷&S¢ã2ã0¢ÖWG&òÖfÆRÖÖ¢ã2ã0¢ÖWG&ò×&W6öÇfW#¢ã2ã0¢ÖWG&ò×'VçFÖS¢ã2ã0¢ÖWG&ò×6÷W&6RÖÖ¢ã2ã0¢ÖWG&ò×7Ö&öÆ6FS¢ã2ã0¢ÖWG&ò×G&ç6f÷&Ò×ÇVvç3¢ã2ã0¢ÖWG&ò×G&ç6f÷&Ò×v÷&¶W#¢ã2ã0¢ÖÖR×GW3¢"ãã3P¢çVÆÇF&÷w3¢ãã¢6W&Æ¦RÖW'&÷#¢"ãã ¢6÷W&6RÖÖ¢ãRãp¢F&öC¢Rãã ¢w3¢rãRã ¢&w3¢rãrã0¢G&ç6FfUVW$FWVæFVæ6W3 ¢Ò'VffW'WFÀ¢Ò7W÷'G2Ö6öÆ÷ ¢ÒWFbÓ×fÆFFP ¢ÖWG&ôã2ãs ¢FWVæFVæ6W3 ¢t&&VÂö6öFRÖg&ÖRs¢rã#ãp¢t&&VÂö6÷&Rs¢rã#ãp¢t&&VÂövVæW&F÷"s¢rã#ãp¢t&&VÂ÷'6W"s¢rã#ãp¢t&&VÂ÷FV×ÆFRs¢rã#ãp¢t&&VÂ÷G&fW'6Rs¢rã#ãp¢t&&VÂ÷GW2s¢rã#ãp¢66WG3¢"ãã ¢6Öæfó¢"ãã ¢6öææV7C¢2ãrã ¢FV'Vs¢BãBã0¢W'&÷"×7F6²×'6W#¢"ãã@¢fÆ÷rÖVçV×2×'VçFÖS¢ãã`¢w&6VgVÂÖg3¢Bã"ã¢W&ÖW2×'6W#¢ã3Rã ¢ÖvR×6¦S¢ã"ã¢çf&çC¢"ã"ã@¢¦W7B×v÷&¶W#¢#ãrã ¢§62×6fR×W&Ã¢ã"ã@¢ÆöF6çF&÷GFÆS¢Bãã¢ÖWG&òÖ&&VÂ×G&ç6f÷&ÖW#¢ã2ãp¢ÖWG&òÖ66S¢ã2ãp¢ÖWG&òÖ66RÖ¶W¢ã2ãp¢ÖWG&òÖ6öæfs¢ã2ãp¢ÖWG&òÖ6÷&S¢ã2ãp¢ÖWG&òÖfÆRÖÖ¢ã2ãp¢ÖWG&ò×&W6öÇfW#¢ã2ãp¢ÖWG&ò×'VçFÖS¢ã2ãp¢ÖWG&ò×6÷W&6RÖÖ¢ã2ãp¢ÖWG&ò×7Ö&öÆ6FS¢ã2ãp¢ÖWG&ò×G&ç6f÷&Ò×ÇVvç3¢ã2ãp¢ÖWG&ò×G&ç6f÷&Ò×v÷&¶W#¢ã2ãp¢ÖÖR×GW3¢2ãã ¢çVÆÇF&÷w3¢ãã¢6W&Æ¦RÖW'&÷#¢"ãã ¢6÷W&6RÖÖ¢ãRãp¢F&öC¢Rãã ¢w3¢rãRã ¢&w3¢rãrã0¢G&ç6FfUVW$FWVæFVæ6W3 ¢Ò'VffW'WFÀ¢Ò7W÷'G2Ö6öÆ÷ ¢ÒWFbÓ×fÆFFP ¢Ö7&öÖF6Bãã ¢FWVæFVæ6W3 ¢'&6W3¢2ãã0¢6öÖF6¢"ã2ã  ¢ÖÖRÖF$ãS"ã¢·Ð ¢ÖÖRÖF$ãSBã¢·Ð ¢ÖÖR×GW4"ãã3S ¢FWVæFVæ6W3 ¢ÖÖRÖF#¢ãS"ã  ¢ÖÖR×GW42ãã# ¢FWVæFVæ6W3 ¢ÖÖRÖF#¢ãSBã  ¢ÖÖTãbã¢·Ð ¢ÖÖ2Öfäã"ã¢·Ð ¢ÖæÖF6ã"ãS ¢FWVæFVæ6W3 ¢'&6RÖWç6öã¢Rããp ¢ÖæÖF62ããS ¢FWVæFVæ6W3 ¢'&6RÖWç6öã¢ãã` ¢ÖæÖF6ãã ¢FWVæFVæ6W3 ¢'&6RÖWç6öã¢"ãã  ¢ÖæÖ7Dã"ã¢·Ð ¢Öæ74rãã3¢·Ð ¢Öæ¦Æ$2ãã ¢FWVæFVæ6W3 ¢Öæ73¢rãã0 ¢Ö¶F'ããC¢·Ð ¢×4"ãã¢·Ð ¢×4"ãã3¢·Ð ¢×¤"ãrã ¢FWVæFVæ6W3 ¢ç×&öÖ6S¢ã2ã ¢ö&¦V7BÖ76vã¢Bãã¢FVægÖÆÃ¢ãbã  ¢ææöD2ã2ãc¢·Ð ¢æVv÷FF÷$ãbã3¢·Ð ¢æVv÷FF÷$ãbãC¢·Ð ¢æVv÷FF÷$ãã¢·Ð ¢æW7FVBÖW'&÷"×7F6·4"ãã¢·Ð ¢æöFRÖf÷&vTãBã¢·Ð ¢æöFRÖçCcDãBã¢·Ð ¢æöFR×&VÆV6W4"ããS¢·Ð ¢æ÷&ÖÆ¦R×F2ãã¢·Ð ¢çÒ×6¶vRÖ&tãã3 ¢FWVæFVæ6W3 ¢÷7FVBÖvBÖæfó¢rãã ¢&ö2ÖÆös¢Bã"ã ¢6V×fW#¢rããP¢fÆFFRÖçÒ×6¶vRÖæÖS¢Rãã ¢çVÆÇF&÷w4ãã¢·Ð ¢ö#ã2ã3 ¢FWVæFVæ6W3 ¢fÆ÷rÖVçV×2×'VçFÖS¢ãã` ¢ö#ã2ãs ¢FWVæFVæ6W3 ¢fÆ÷rÖVçV×2×'VçFÖS¢ãã` ¢ö&¦V7BÖ76väBãã¢·Ð ¢ö&¦V7BÖ4ããc ¢FWVæFVæ6W3 ¢6ÆÂÖ&æC¢ãã¢FVfæR×&÷W'FW3¢ã"ã ¢ö&¦V7BÖ¶W4ãã¢·Ð ¢ö&¦V7Bæ76väBããs ¢FWVæFVæ6W3 ¢6ÆÂÖ&æC¢ãã¢6ÆÂÖ&÷VæC¢ãã@¢FVfæR×&÷W'FW3¢ã"ã¢W2Öö&¦V7BÖFö×3¢ãã ¢2×7Ö&öÇ3¢ãã ¢ö&¦V7BÖ¶W3¢ãã ¢öâÖfæ6VD"ã2ã ¢FWVæFVæ6W3 ¢VRÖf'7C¢ãã ¢öâÖfæ6VD"ãBã ¢FWVæFVæ6W3 ¢VRÖf'7C¢ãã ¢öâÖVFW'4ãã¢·Ð ¢öæ6TãBã ¢FWVæFVæ6W3 ¢w&¢ãã  ¢öæWFÖT"ãã ¢FWVæFVæ6W3 ¢ÖÖ2Öfã¢ã"ã  ¢÷VärãBã# ¢FWVæFVæ6W3 ¢2ÖFö6¶W#¢"ã"ã¢2×w6Ã¢"ã"ã  ¢÷VäãBã# ¢FWVæFVæ6W3 ¢FVfæRÖÆ§×&÷¢"ãã ¢2ÖFö6¶W#¢"ã"ã¢2×w6Ã¢"ã"ã  ¢÷&2ãBã ¢FWVæFVæ6W3 ¢6Æ³¢"ãBã ¢6ÆÖ7W'6÷#¢"ãã ¢6Æ×7ææW'3¢"ãã ¢Æör×7Ö&öÇ3¢"ã"ã ¢7G&Öç6¢Rã"ã ¢v7vGF¢ãã ¢ÖÆÖD"ã2ã ¢FWVæFVæ6W3 ¢×G'¢"ã"ã  ¢ÖÆÖD2ãã ¢FWVæFVæ6W3 ¢ö7Fò×VWVS¢ãã  ¢ÖÆö6FTBãã ¢FWVæFVæ6W3 ¢ÖÆÖC¢"ã2ã  ¢×G'"ã"ã¢·Ð ¢'6R×æt"ãã ¢FWVæFVæ6W3 ¢æv§3¢2ãBã  ¢'6WW&Äã2ã3¢·Ð ¢FÖW7G4Bãã¢·Ð ¢FÖ2Ö'6öÇWFTãã¢·Ð ¢FÖ¶W2ãã¢·Ð ¢F×'6Tããs¢·Ð ¢F×67W''"ãã# ¢FWVæFVæ6W3 ¢Ç'RÖ66S¢ãRã ¢Öæ73¢rãã0 ¢6ö6öÆ÷'4ãã¢·Ð ¢6öÖF6"ã2ã#¢·Ð ¢6öÖF6BããS¢·Ð ¢&FW4Bããs¢·Ð ¢Æ7D2ãã ¢FWVæFVæ6W3 ¢tÖÆFöÒ÷ÖÆFöÒs¢ãã ¢&6ScBÖ§3¢ãRã¢ÖÆ'VÆFW#¢Rãã ¢æv§42ãBã¢·Ð ¢÷76&ÆR×GVBÖ'&ÖæÖW4ãã¢·Ð ¢÷7F774ãBãC ¢FWVæFVæ6W3 ¢ææöC¢2ã2ã`¢6ö6öÆ÷'3¢ãã¢6÷W&6RÖÖÖ§3¢ã"ã ¢&WGGÖ'FW4Rãbã¢·Ð ¢&WGGÖf÷&ÖD#ãrã ¢FWVæFVæ6W3 ¢t¦W7B÷66VÖ2s¢#ãbã0¢ç6×7GÆW3¢Rã"ã ¢&V7BÖ3¢ã2ã ¢&ö2ÖÆötBã"ã¢·Ð ¢&öw&W74"ãã3¢·Ð ¢&öÖ6Tã2ã ¢FWVæFVæ6W3 ¢6¢"ãã` ¢&ö×G4"ãBã# ¢FWVæFVæ6W3 ¢¶ÆWW#¢2ãã0¢67FW&ç6¢ããP ¢Vç6öFT"ã2ã¢·Ð ¢&6öFR×FW&ÖæÄãã¢·Ð ¢VWVTbãã# ¢FWVæFVæ6W3 ¢æW&G3¢"ãã@ ¢&ævR×'6W$ã"ã¢·Ð ¢&4ã"ã ¢FWVæFVæ6W3 ¢FVWÖWFVæC¢ãbã ¢æ¢ã2ã¢ÖæÖ7C¢ã"ã¢7G&Ö§6öâÖ6öÖÖVçG3¢"ãã ¢&V7BÖFWgFööÇ2Ö6÷&TbããS ¢FWVæFVæ6W3 ¢6VÆÂ×V÷FS¢ãã ¢w3¢rãRã ¢G&ç6FfUVW$FWVæFVæ6W3 ¢Ò'VffW'WFÀ¢ÒWFbÓ×fÆFFP ¢&V7BÖ4ã2ã¢·Ð ¢&V7BÖæFfRÖ2ÖVFvR×FòÖVFvTã2ã&V7BÖæFfTããB&&VÂö6÷&Trã#ãrGW2÷&V7Dããr&V7Dãã&V7Dãã ¢FWVæFVæ6W3 ¢&V7C¢ãã ¢&V7BÖæFfS¢ããB&&VÂö6÷&Trã#ãrGW2÷&V7Dããr&V7Dãã ¢&V7BÖæFfTããB&&VÂö6÷&Trã#ãrGW2÷&V7Dããr&V7Dãã ¢FWVæFVæ6W3 ¢t¦W7Bö7&VFRÖ66RÖ¶WÖgVæ7Föâs¢#ãrã ¢t&V7BÖæFfRö76WG2×&Vv7G's¢ãã@¢t&V7BÖæFfRö6öFVvVâs¢ããB&&VÂö6÷&Trã#ãr¢t&V7BÖæFfRö6öÖ×VæGÖ6Æ×ÇVvâs¢ãã@¢t&V7BÖæFfRöw&FÆR×ÇVvâs¢ãã@¢t&V7BÖæFfRö§2×öÇfÆÇ2s¢ãã@¢t&V7BÖæFfRöæ÷&ÖÆ¦RÖ6öÆ÷'2s¢ãã@¢t&V7BÖæFfR÷f'GVÆ¦VBÖÆ7G2s¢ããBGW2÷&V7Dããr&V7BÖæFfTããB&&VÂö6÷&Trã#ãrGW2÷&V7Dããr&V7Dãã&V7Dãã¢&÷'BÖ6öçG&öÆÆW#¢2ãã ¢ç6W#¢ãBã ¢ç6×&VvW¢Rãã¢&&VÂÖ¦W7C¢#ãrã&&VÂö6÷&Trã#ãr¢&&VÂ×ÇVvâ×7çFÖW&ÖW2×'6W#¢ã#ã¢&6ScBÖ§3¢ãRã¢6öÖÖæFW#¢"ãã ¢fÆ÷rÖVçV×2×'VçFÖS¢ãã`¢vÆö#¢rã"ã0¢çf&çC¢"ã"ã@¢¦W7BÖVçf&öæÖVçBÖæöFS¢#ãrã ¢ÖVÖö¦RÖöæS¢Rã"ã¢ÖWG&ò×'VçFÖS¢ã2ãp¢ÖWG&ò×6÷W&6RÖÖ¢ã2ãp¢çVÆÇF&÷w3¢ãã¢&WGGÖf÷&ÖC¢#ãrã ¢&öÖ6S¢ã2ã ¢&V7C¢ãã ¢&V7BÖFWgFööÇ2Ö6÷&S¢bããP¢&V7B×&Vg&W6¢ãBã ¢&VvVæW&F÷"×'VçFÖS¢ã2ã¢66VGVÆW#¢ã#bã ¢6V×fW#¢rããP¢7F6·G&6R×'6W#¢ãã¢vGvrÖfWF6¢2ãbã# ¢w3¢bã"ãP¢&w3¢rãrã0¢÷FöæÄFWVæFVæ6W3 ¢tGW2÷&V7Bs¢ããp¢G&ç6FfUVW$FWVæFVæ6W3 ¢Òt&&VÂö6÷&Rp¢Òt&V7BÖæFfRÖ6öÖ×VæGö6Æp¢Òt&V7BÖæFfRöÖWG&òÖ6öæfrp¢Ò'VffW'WFÀ¢Ò7W÷'G2Ö6öÆ÷ ¢ÒWFbÓ×fÆFFP ¢&V7B×&Vg&W6ãBã#¢·Ð ¢&V7Dãã¢·Ð ¢&VvVæW&FR×Væ6öFR×&÷W'FW4ã"ã# ¢FWVæFVæ6W3 ¢&VvVæW&FS¢ãBã  ¢&VvVæW&FTãBã#¢·Ð ¢&VvVæW&F÷"×'VçFÖTã2ã¢·Ð ¢&VvWRÖ6÷&TbãBã ¢FWVæFVæ6W3 ¢&VvVæW&FS¢ãBã ¢&VvVæW&FR×Væ6öFR×&÷W'FW3¢ã"ã ¢&Vv§6vVã¢ãã ¢&Vv§7'6W#¢ã2ã ¢Væ6öFRÖÖF6×&÷W'GÖV6Ö67&C¢"ãã ¢Væ6öFRÖÖF6×&÷W'G×fÇVRÖV6Ö67&C¢"ã"ã ¢&Vv§6vVäãã¢·Ð ¢&Vv§7'6W$ã2ã# ¢FWVæFVæ6W3 ¢§6W63¢2ãã  ¢&WV&RÖF&V7F÷'"ãã¢·Ð ¢&WV&RÖg&öÒ×7G&æt"ãã#¢·Ð ¢&WV&Vtã"ã# ¢FWVæFVæ6W3 ¢æW7FVBÖW'&÷"×7F6·3¢"ãã¢&3¢ã"ã¢&W6öÇfS¢ãrã ¢&W6öÇfRÖg&öÔRãã¢·Ð ¢&W6öÇfR×v÷&·76R×&ö÷D"ãã¢·Ð ¢&W6öÇfRæW÷'G4"ãã3¢·Ð ¢&W6öÇfTã#"ã# ¢FWVæFVæ6W3 ¢W2ÖW'&÷'3¢ã2ã ¢2Ö6÷&RÖÖöGVÆS¢"ãbã ¢F×'6S¢ããp¢7W÷'G2×&W6W'fR×7ÖÆæ·2ÖfÆs¢ãã  ¢&W6öÇfTãrã ¢FWVæFVæ6W3 ¢F×'6S¢ããp ¢&W7F÷&RÖ7W'6÷$"ãã ¢FWVæFVæ6W3 ¢öæWFÖS¢"ãã¢6væÂÖWC¢2ããp ¢&×&d2ãã# ¢FWVæFVæ6W3 ¢vÆö#¢rã"ã0 ¢6fRÖ'VffW$Rã"ã¢·Ð ¢6fR×&VvW×FW7Dãã ¢FWVæFVæ6W3 ¢6ÆÂÖ&÷VæC¢ãã@¢W2ÖW'&÷'3¢ã2ã ¢2×&VvW¢ã"ã ¢6ãbã¢·Ð ¢66VGVÆW$ã#bã¢·Ð ¢6V×fW$bã2ã¢·Ð ¢6V×fW$rããS¢·Ð ¢6VæDãã# ¢FWVæFVæ6W3 ¢FV'Vs¢"ãbã¢FWC¢"ãã ¢FW7G&÷¢ã"ã ¢Væ6öFWW&Ã¢"ãã ¢W66RÖFÖÃ¢ãã0¢WFs¢ãã¢g&W6¢ãRã ¢GGÖW'&÷'3¢"ãã¢ÖÖS¢ãbã ¢×3¢"ãã0¢öâÖfæ6VC¢"ãBã¢&ævR×'6W#¢ã"ã¢7FGW6W3¢"ãã ¢G&ç6FfUVW$FWVæFVæ6W3 ¢Ò7W÷'G2Ö6öÆ÷  ¢6W&Æ¦RÖW'&÷$"ãã¢·Ð ¢6W'fR×7FF4ãbã3 ¢FWVæFVæ6W3 ¢Væ6öFWW&Ã¢"ãã ¢W66RÖFÖÃ¢ãã0¢'6WW&Ã¢ã2ã0¢6VæC¢ãã ¢G&ç6FfUVW$FWVæFVæ6W3 ¢Ò7W÷'G2Ö6öÆ÷  ¢6WBÖgVæ7FöâÖÆVæwFã"ã# ¢FWVæFVæ6W3 ¢FVfæRÖFF×&÷W'G¢ãã@¢W2ÖW'&÷'3¢ã2ã ¢gVæ7FöâÖ&æC¢ãã ¢vWBÖçG&ç63¢ã2ã ¢v÷C¢ã"ã ¢2×&÷W'GÖFW67&F÷'3¢ãã  ¢6WG&÷F÷GVödã"ã¢·Ð ¢6V&ærÖ6öÖÖæD"ãã ¢FWVæFVæ6W3 ¢6V&ær×&VvW¢2ãã  ¢6V&ær×&VvW2ãã¢·Ð ¢6VÆÂ×V÷FTãã¢·Ð ¢6væÂÖWD2ããs¢·Ð ¢6×ÆR×Æ7Dã2ã ¢FWVæFVæ6W3 ¢'Æ7BÖ7&VF÷#¢ãã ¢'Æ7B×'6W#¢ã2ã¢Æ7C¢2ãã ¢67FW&ç6ããS¢·Ð ¢6Æ62ãã¢·Ð ¢6ÇVvgãbã¢·Ð ¢6÷W&6RÖÖÖ§4ã"ã¢·Ð ¢6÷W&6RÖÖ×7W÷'DãRã# ¢FWVæFVæ6W3 ¢'VffW"Ög&öÓ¢ãã ¢6÷W&6RÖÖ¢ãbã ¢6÷W&6RÖÖãRãs¢·Ð ¢6÷W&6RÖÖãbã¢·Ð ¢7&çFbÖ§4ãã3¢·Ð ¢7F6²×WFÇ4"ããc ¢FWVæFVæ6W3 ¢W66R×7G&ær×&VvW¢"ãã  ¢7F6¶g&ÖTã2ãC¢·Ð ¢7F6·G&6R×'6W$ãã ¢FWVæFVæ6W3 ¢GRÖfW7C¢ãrã ¢7FGW6W4ãRã¢·Ð ¢7FGW6W4"ãã#¢·Ð ¢7G&VÒÖ'VffW'4"ã"ã¢·Ð ¢7G&ær×vGFBã"ã3 ¢FWVæFVæ6W3 ¢VÖö¦×&VvW¢ãã ¢2ÖgVÆÇvGFÖ6öFR×öçC¢2ãã ¢7G&Öç6¢bãã ¢7G&Öç6Rã"ã ¢FWVæFVæ6W3 ¢ç6×&VvW¢Bãã ¢7G&Öç6bãã ¢FWVæFVæ6W3 ¢ç6×&VvW¢Rãã ¢7G&Ö§6öâÖ6öÖÖVçG4"ãã¢·Ð ¢7G'V7GW&VBÖVFW'4ãBã¢·Ð ¢7V7&6T2ã3Rã ¢FWVæFVæ6W3 ¢t§&FvWvVÆÂövVâÖÖærs¢ã2ã0¢6öÖÖæFW#¢Bãã¢ÆæW2ÖæBÖ6öÇVÖç3¢ã"ã@¢×£¢"ãrã ¢&FW3¢Bããp¢FçvÆö&'¢ã"ãp¢G2ÖçFW&f6RÖ6V6¶W#¢ãã0 ¢7W÷'G2Ö6öÆ÷$RãRã ¢FWVæFVæ6W3 ¢2ÖfÆs¢2ãã  ¢7W÷'G2Ö6öÆ÷$rã"ã ¢FWVæFVæ6W3 ¢2ÖfÆs¢Bãã  ¢7W÷'G2Ö6öÆ÷$ãã ¢FWVæFVæ6W3 ¢2ÖfÆs¢Bãã  ¢7W÷'G2ÖW&Ææ·4"ã2ã ¢FWVæFVæ6W3 ¢2ÖfÆs¢Bãã ¢7W÷'G2Ö6öÆ÷#¢rã"ã  ¢7W÷'G2×&W6W'fR×7ÖÆæ·2ÖfÆtãã¢·Ð ¢F$rãRã# ¢FWVæFVæ6W3 ¢t672ög2ÖÖæ72s¢Bãã¢6÷vç#¢2ãã ¢Öæ73¢rãã0¢Öæ¦Æ#¢2ãã ¢ÆÆ7C¢Rãã  ¢FW&ÖæÂÖÆæ´"ãã ¢FWVæFVæ6W3 ¢ç6ÖW66W3¢Bã2ã ¢7W÷'G2ÖW&Ææ·3¢"ã2ã  ¢FW'6W$RãCã ¢FWVæFVæ6W3 ¢t§&FvWvVÆÂ÷6÷W&6RÖÖs¢ã2ã¢6÷&ã¢ãrã ¢6öÖÖæFW#¢"ã#ã0¢6÷W&6RÖÖ×7W÷'C¢ãRã# ¢FW7BÖW6ÇVFTbãã ¢FWVæFVæ6W3 ¢t7Fæ'VÆ§2÷66VÖs¢ãã`¢vÆö#¢rã"ã0¢ÖæÖF6¢2ããP ¢FVægÖÆÄãbã ¢FWVæFVæ6W3 ¢FVæg¢2ã2ã ¢FVæg2ã2ã ¢FWVæFVæ6W3 ¢ç×&öÖ6S¢ã2ã  ¢F&öDRãã¢·Ð ¢FçvÆö&'ã"ãs ¢FWVæFVæ6W3 ¢fF#¢bãRã6öÖF6BããR¢6öÖF6¢BããP ¢F×ÄããS¢·Ð ¢Fò×&VvW×&ævTRãã ¢FWVæFVæ6W3 ¢2ÖçVÖ&W#¢rãã  ¢FöFVçFfW$ãã¢·Ð ¢G2ÖçFW&f6RÖ6V6¶W$ãã3¢·Ð ¢GRÖFWFV7DBãã¢·Ð ¢GRÖfW7Dã#ã3¢·Ð ¢GRÖfW7Dãrã¢·Ð ¢GW67&DRãã3¢·Ð ¢V×'6W"Ö§4ãrãC¢·Ð ¢VæF6×GW4ã2ã¢·Ð ¢VæF6bã#rã¢·Ð ¢Væ6öFRÖ6æöæ6Â×&÷W'GÖæÖW2ÖV6Ö67&D"ãã¢·Ð ¢Væ6öFRÖÖF6×&÷W'GÖV6Ö67&D"ãã ¢FWVæFVæ6W3 ¢Væ6öFRÖ6æöæ6Â×&÷W'GÖæÖW2ÖV6Ö67&C¢"ãã¢Væ6öFR×&÷W'GÖÆ6W2ÖV6Ö67&C¢"ã"ã  ¢Væ6öFRÖÖF6×&÷W'G×fÇVRÖV6Ö67&D"ã"ã¢·Ð ¢Væ6öFR×&÷W'GÖÆ6W2ÖV6Ö67&D"ã"ã¢·Ð ¢VçTãã¢·Ð ¢WFFRÖ'&÷w6W'6Æ7BÖF$ã"ã2'&÷w6W'6Æ7DBã#ãb ¢FWVæFVæ6W3 ¢'&÷w6W'6Æ7C¢Bã#ã`¢W66ÆFS¢2ã"ã ¢6ö6öÆ÷'3¢ãã ¢WFÄã"ãS ¢FWVæFVæ6W3 ¢æW&G3¢"ãã@¢2Ö&wVÖVçG3¢ã"ã ¢2ÖvVæW&F÷"ÖgVæ7Föã¢ãã ¢2×GVBÖ'&¢ããP¢v6×GVBÖ'&¢ãã#  ¢WFÇ2ÖÖW&vTãã¢·Ð ¢WVDrãã3¢·Ð ¢fÆFFRÖçÒ×6¶vRÖæÖTRãã¢·Ð ¢f'ãã#¢·Ð ¢fÇãã¢·Ð ¢vÆ¶W$ãã ¢FWVæFVæ6W3 ¢Ö¶VW'&÷#¢ãã  ¢v7vGFãã ¢FWVæFVæ6W3 ¢FVfVÇG3¢ãã@ ¢vV&FÂÖ6öçfW'6öç4Rãã¢·Ð ¢vGvrÖfWF62ãbã#¢·Ð ¢vGvr×W&Â×vF÷WB×Væ6öFTããÓ3 ¢FWVæFVæ6W3 ¢'VffW#¢Rãrã¢Vç6öFS¢"ã2ã¢vV&FÂÖ6öçfW'6öç3¢Rãã  ¢v6×GVBÖ'&ãã## ¢FWVæFVæ6W3 ¢fÆ&ÆR×GVBÖ'&3¢ããp¢6ÆÂÖ&æC¢ãã¢6ÆÂÖ&÷VæC¢ãã@¢f÷"ÖV6¢ã2ãP¢vWB×&÷Fó¢ãã¢v÷C¢ã"ã ¢2×F÷7G&æwFs¢ãã  ¢v6"ãã# ¢FWVæFVæ6W3 ¢6WS¢"ãã  ¢vöæ¶bã2ãc¢·Ð ¢w&Öç6rãã ¢FWVæFVæ6W3 ¢ç6×7GÆW3¢Bã2ã ¢7G&ær×vGF¢Bã"ã0¢7G&Öç6¢bãã ¢w&ãã#¢·Ð ¢w&FRÖfÆRÖFöÖ4Bãã# ¢FWVæFVæ6W3 ¢×W&×W&6¢ãã@¢6væÂÖWC¢2ããp ¢w4bã"ãS ¢FWVæFVæ6W3 ¢7æ2ÖÆÖFW#¢ãã ¢w4rãRã#¢·Ð ¢w4ã#ã¢·Ð ¢6öFT2ãã ¢FWVæFVæ6W3 ¢6×ÆR×Æ7C¢ã2ã¢WVC¢rãã0 ¢ÖÃ&§4ãbã ¢FWVæFVæ6W3 ¢6¢ãbã ¢ÖÆ'VÆFW#¢ãã ¢ÖÆ'VÆFW$ãã¢·Ð ¢ÖÆ'VÆFW$Rãã¢·Ð ¢äRãã¢·Ð ¢ÆÆ7D2ãã¢·Ð ¢ÆÆ7DRãã¢·Ð ¢ÖÄ"ãã¢·Ð ¢&w2×'6W$#ãã¢·Ð ¢&w4rãrã3 ¢FWVæFVæ6W3 ¢6ÆV¢ãã¢W66ÆFS¢2ã"ã ¢vWBÖ6ÆÆW"ÖfÆS¢"ããP¢&WV&RÖF&V7F÷'¢"ãã¢7G&ær×vGF¢Bã"ã0¢ã¢Rãã¢&w2×'6W#¢#ãã ¢ö7Fò×VWVTãã¢·Ð